
Microsoft Visual Studio Solution File, Format Version 12.00
# Visual Studio Version 16
VisualStudioVersion = 16.0.30413.136
MinimumVisualStudioVersion = 10.0.40219.1
Project("{9A19103F-16F7-4668-BE54-9A1E7A4F7556}") = "grpc.server", "grpc.server\grpc.server.csproj", "{32017545-E660-4ADB-BE60-5F6D99F56ABD}"
EndProject
Project("{9A19103F-16F7-4668-BE54-9A1E7A4F7556}") = "worker.grpc.client", "worker.grpc.client\worker.grpc.client.csproj", "{80BD6975-E43A-4B1C-A86D-21B931AEB395}"
EndProject
Project("{888888A0-9F3D-457C-B088-3A5042F75D52}") = "py.grpc.client", "py.grpc.client\py.grpc.client.pyproj", "{4C580081-83F7-4D12-95D5-100627BCC72B}"
EndProject
Global
	GlobalSection(SolutionConfigurationPlatforms) = preSolution
		Debug|Any CPU = Debug|Any CPU
		Release|Any CPU = Release|Any CPU
	EndGlobalSection
	GlobalSection(ProjectConfigurationPlatforms) = postSolution
		{32017545-E660-4ADB-BE60-5F6D99F56ABD}.Debug|Any CPU.ActiveCfg = Debug|Any CPU
		{32017545-E660-4ADB-BE60-5F6D99F56ABD}.Debug|Any CPU.Build.0 = Debug|Any CPU
		{32017545-E660-4ADB-BE60-5F6D99F56ABD}.Release|Any CPU.ActiveCfg = Release|Any CPU
		{32017545-E660-4ADB-BE60-5F6D99F56ABD}.Release|Any CPU.Build.0 = Release|Any CPU
		{80BD6975-E43A-4B1C-A86D-21B931AEB395}.Debug|Any CPU.ActiveCfg = Debug|Any CPU
		{80BD6975-E43A-4B1C-A86D-21B931AEB395}.Debug|Any CPU.Build.0 = Debug|Any CPU
		{80BD6975-E43A-4B1C-A86D-21B931AEB395}.Release|Any CPU.ActiveCfg = Release|Any CPU
		{80BD6975-E43A-4B1C-A86D-21B931AEB395}.Release|Any CPU.Build.0 = Release|Any CPU
		{4C580081-83F7-4D12-95D5-100627BCC72B}.Debug|Any CPU.ActiveCfg = Debug|Any CPU
		{4C580081-83F7-4D12-95D5-100627BCC72B}.Release|Any CPU.ActiveCfg = Release|Any CPU
	EndGlobalSection
	GlobalSection(SolutionProperties) = preSolution
		HideSolutionNode = FALSE
	EndGlobalSection
	GlobalSection(ExtensibilityGlobals) = postSolution
		SolutionGuid = {EB20C37E-9DA2-4C33-A4A1-3489D85BE347}
	EndGlobalSection
EndGlobal
